
Microsoft Visual Studio Solution File, Format Version 12.00
# Visual Studio Version 17
VisualStudioVersion = 17.2.32505.173
MinimumVisualStudioVersion = 10.0.40219.1
Project("{FAE04EC0-301F-11D3-BF4B-00C04F79EFBC}") = "MyHome.UWP", "MyHome\MyHome.UWP\MyHome.UWP.csproj", "{8CA507F8-B69A-452D-9964-FC7836AEBBBD}"
EndProject
Project("{FAE04EC0-301F-11D3-BF4B-00C04F79EFBC}") = "MyHome.Android", "MyHome\MyHome.Android\MyHome.Android.csproj", "{E633C12F-C167-4DEA-A429-19781F3BE745}"
EndProject
Project("{FAE04EC0-301F-11D3-BF4B-00C04F79EFBC}") = "MyHome.iOS", "MyHome\MyHome.iOS\MyHome.iOS.csproj", "{CD987BD0-E1BB-4467-9D10-E8CEF9B4D83E}"
EndProject
Project("{9A19103F-16F7-4668-BE54-9A1E7A4F7556}") = "MyHome", "MyHome\MyHome\MyHome.csproj", "{501991C1-A8CB-43F1-B0E5-1DAF8C4DA851}"
EndProject
Project("{FAE04EC0-301F-11D3-BF4B-00C04F79EFBC}") = "MyHome.Blazor", "MyHome.Blazor\MyHome.Blazor.csproj", "{3F0C5C3A-A756-4EEC-8C00-16A37536BA41}"
EndProject
Project("{FAE04EC0-301F-11D3-BF4B-00C04F79EFBC}") = "MyHome.Maui", "MyHome.Maui\MyHome.Maui.csproj", "{F035FB71-EE7A-4C07-BC5B-F1DC3862222D}"
EndProject
Global
	GlobalSection(SolutionConfigurationPlatforms) = preSolution
		Debug|Any CPU = Debug|Any CPU
		Debug|ARM = Debug|ARM
		Debug|iPhone = Debug|iPhone
		Debug|iPhoneSimulator = Debug|iPhoneSimulator
		Debug|x64 = Debug|x64
		Debug|x86 = Debug|x86
		Release|Any CPU = Release|Any CPU
		Release|ARM = Release|ARM
		Release|iPhone = Release|iPhone
		Release|iPhoneSimulator = Release|iPhoneSimulator
		Release|x64 = Release|x64
		Release|x86 = Release|x86
	EndGlobalSection
	GlobalSection(ProjectConfigurationPlatforms) = postSolution
		{8CA507F8-B69A-452D-9964-FC7836AEBBBD}.Debug|Any CPU.ActiveCfg = Debug|x64
		{8CA507F8-B69A-452D-9964-FC7836AEBBBD}.Debug|Any CPU.Build.0 = Debug|x64
		{8CA507F8-B69A-452D-9964-FC7836AEBBBD}.Debug|Any CPU.Deploy.0 = Debug|x64
		{8CA507F8-B69A-452D-9964-FC7836AEBBBD}.Debug|ARM.ActiveCfg = Debug|ARM
		{8CA507F8-B69A-452D-9964-FC7836AEBBBD}.Debug|ARM.Build.0 = Debug|ARM
		{8CA507F8-B69A-452D-9964-FC7836AEBBBD}.Debug|ARM.Deploy.0 = Debug|ARM
		{8CA507F8-B69A-452D-9964-FC7836AEBBBD}.Debug|iPhone.ActiveCfg = Debug|x64
		{8CA507F8-B69A-452D-9964-FC7836AEBBBD}.Debug|iPhone.Build.0 = Debug|x64
		{8CA507F8-B69A-452D-9964-FC7836AEBBBD}.Debug|iPhone.Deploy.0 = Debug|x64
		{8CA507F8-B69A-452D-9964-FC7836AEBBBD}.Debug|iPhoneSimulator.ActiveCfg = Debug|x64
		{8CA507F8-B69A-452D-9964-FC7836AEBBBD}.Debug|iPhoneSimulator.Build.0 = Debug|x64
		{8CA507F8-B69A-452D-9964-FC7836AEBBBD}.Debug|iPhoneSimulator.Deploy.0 = Debug|x64
		{8CA507F8-B69A-452D-9964-FC7836AEBBBD}.Debug|x64.ActiveCfg = Debug|x64
		{8CA507F8-B69A-452D-9964-FC7836AEBBBD}.Debug|x64.Build.0 = Debug|x64
		{8CA507F8-B69A-452D-9964-FC7836AEBBBD}.Debug|x64.Deploy.0 = Debug|x64
		{8CA507F8-B69A-452D-9964-FC7836AEBBBD}.Debug|x86.ActiveCfg = Debug|x86
		{8CA507F8-B69A-452D-9964-FC7836AEBBBD}.Debug|x86.Build.0 = Debug|x86
		{8CA507F8-B69A-452D-9964-FC7836AEBBBD}.Debug|x86.Deploy.0 = Debug|x86
		{8CA507F8-B69A-452D-9964-FC7836AEBBBD}.Release|Any CPU.ActiveCfg = Release|x64
		{8CA507F8-B69A-452D-9964-FC7836AEBBBD}.Release|Any CPU.Build.0 = Release|x64
		{8CA507F8-B69A-452D-9964-FC7836AEBBBD}.Release|Any CPU.Deploy.0 = Release|x64
		{8CA507F8-B69A-452D-9964-FC7836AEBBBD}.Release|ARM.ActiveCfg = Release|ARM
		{8CA507F8-B69A-452D-9964-FC7836AEBBBD}.Release|ARM.Build.0 = Release|ARM
		{8CA507F8-B69A-452D-9964-FC7836AEBBBD}.Release|ARM.Deploy.0 = Release|ARM
		{8CA507F8-B69A-452D-9964-FC7836AEBBBD}.Release|iPhone.ActiveCfg = Release|x64
		{8CA507F8-B69A-452D-9964-FC7836AEBBBD}.Release|iPhone.Build.0 = Release|x64
		{8CA507F8-B69A-452D-9964-FC7836AEBBBD}.Release|iPhone.Deploy.0 = Release|x64
		{8CA507F8-B69A-452D-9964-FC7836AEBBBD}.Release|iPhoneSimulator.ActiveCfg = Release|x64
		{8CA507F8-B69A-452D-9964-FC7836AEBBBD}.Release|iPhoneSimulator.Build.0 = Release|x64
		{8CA507F8-B69A-452D-9964-FC7836AEBBBD}.Release|iPhoneSimulator.Deploy.0 = Release|x64
		{8CA507F8-B69A-452D-9964-FC7836AEBBBD}.Release|x64.ActiveCfg = Release|x64
		{8CA507F8-B69A-452D-9964-FC7836AEBBBD}.Release|x64.Build.0 = Release|x64
		{8CA507F8-B69A-452D-9964-FC7836AEBBBD}.Release|x64.Deploy.0 = Release|x64
		{8CA507F8-B69A-452D-9964-FC7836AEBBBD}.Release|x86.ActiveCfg = Release|x86
		{8CA507F8-B69A-452D-9964-FC7836AEBBBD}.Release|x86.Build.0 = Release|x86
		{8CA507F8-B69A-452D-9964-FC7836AEBBBD}.Release|x86.Deploy.0 = Release|x86
		{E633C12F-C167-4DEA-A429-19781F3BE745}.Debug|Any CPU.ActiveCfg = Debug|Any CPU
		{E633C12F-C167-4DEA-A429-19781F3BE745}.Debug|Any CPU.Build.0 = Debug|Any CPU
		{E633C12F-C167-4DEA-A429-19781F3BE745}.Debug|Any CPU.Deploy.0 = Debug|Any CPU
		{E633C12F-C167-4DEA-A429-19781F3BE745}.Debug|ARM.ActiveCfg = Debug|Any CPU
		{E633C12F-C167-4DEA-A429-19781F3BE745}.Debug|ARM.Build.0 = Debug|Any CPU
		{E633C12F-C167-4DEA-A429-19781F3BE745}.Debug|ARM.Deploy.0 = Debug|Any CPU
		{E633C12F-C167-4DEA-A429-19781F3BE745}.Debug|iPhone.ActiveCfg = Debug|Any CPU
		{E633C12F-C167-4DEA-A429-19781F3BE745}.Debug|iPhone.Build.0 = Debug|Any CPU
		{E633C12F-C167-4DEA-A429-19781F3BE745}.Debug|iPhone.Deploy.0 = Debug|Any CPU
		{E633C12F-C167-4DEA-A429-19781F3BE745}.Debug|iPhoneSimulator.ActiveCfg = Debug|Any CPU
		{E633C12F-C167-4DEA-A429-19781F3BE745}.Debug|iPhoneSimulator.Build.0 = Debug|Any CPU
		{E633C12F-C167-4DEA-A429-19781F3BE745}.Debug|iPhoneSimulator.Deploy.0 = Debug|Any CPU
		{E633C12F-C167-4DEA-A429-19781F3BE745}.Debug|x64.ActiveCfg = Debug|Any CPU
		{E633C12F-C167-4DEA-A429-19781F3BE745}.Debug|x64.Build.0 = Debug|Any CPU
		{E633C12F-C167-4DEA-A429-19781F3BE745}.Debug|x64.Deploy.0 = Debug|Any CPU
		{E633C12F-C167-4DEA-A429-19781F3BE745}.Debug|x86.ActiveCfg = Debug|Any CPU
		{E633C12F-C167-4DEA-A429-19781F3BE745}.Debug|x86.Build.0 = Debug|Any CPU
		{E633C12F-C167-4DEA-A429-19781F3BE745}.Debug|x86.Deploy.0 = Debug|Any CPU
		{E633C12F-C167-4DEA-A429-19781F3BE745}.Release|Any CPU.ActiveCfg = Release|Any CPU
		{E633C12F-C167-4DEA-A429-19781F3BE745}.Release|Any CPU.Build.0 = Release|Any CPU
		{E633C12F-C167-4DEA-A429-19781F3BE745}.Release|Any CPU.Deploy.0 = Release|Any CPU
		{E633C12F-C167-4DEA-A429-19781F3BE745}.Release|ARM.ActiveCfg = Release|Any CPU
		{E633C12F-C167-4DEA-A429-19781F3BE745}.Release|ARM.Build.0 = Release|Any CPU
		{E633C12F-C167-4DEA-A429-19781F3BE745}.Release|ARM.Deploy.0 = Release|Any CPU
		{E633C12F-C167-4DEA-A429-19781F3BE745}.Release|iPhone.ActiveCfg = Release|Any CPU
		{E633C12F-C167-4DEA-A429-19781F3BE745}.Release|iPhone.Build.0 = Release|Any CPU
		{E633C12F-C167-4DEA-A429-19781F3BE745}.Release|iPhone.Deploy.0 = Release|Any CPU
		{E633C12F-C167-4DEA-A429-19781F3BE745}.Release|iPhoneSimulator.ActiveCfg = Release|Any CPU
		{E633C12F-C167-4DEA-A429-19781F3BE745}.Release|iPhoneSimulator.Build.0 = Release|Any CPU
		{E633C12F-C167-4DEA-A429-19781F3BE745}.Release|iPhoneSimulator.Deploy.0 = Release|Any CPU
		{E633C12F-C167-4DEA-A429-19781F3BE745}.Release|x64.ActiveCfg = Release|Any CPU
		{E633C12F-C167-4DEA-A429-19781F3BE745}.Release|x64.Build.0 = Release|Any CPU
		{E633C12F-C167-4DEA-A429-19781F3BE745}.Release|x64.Deploy.0 = Release|Any CPU
		{E633C12F-C167-4DEA-A429-19781F3BE745}.Release|x86.ActiveCfg = Release|Any CPU
		{E633C12F-C167-4DEA-A429-19781F3BE745}.Release|x86.Build.0 = Release|Any CPU
		{E633C12F-C167-4DEA-A429-19781F3BE745}.Release|x86.Deploy.0 = Release|Any CPU
		{CD987BD0-E1BB-4467-9D10-E8CEF9B4D83E}.Debug|Any CPU.ActiveCfg = Debug|iPhoneSimulator
		{CD987BD0-E1BB-4467-9D10-E8CEF9B4D83E}.Debug|Any CPU.Build.0 = Debug|iPhoneSimulator
		{CD987BD0-E1BB-4467-9D10-E8CEF9B4D83E}.Debug|Any CPU.Deploy.0 = Debug|iPhoneSimulator
		{CD987BD0-E1BB-4467-9D10-E8CEF9B4D83E}.Debug|ARM.ActiveCfg = Debug|iPhoneSimulator
		{CD987BD0-E1BB-4467-9D10-E8CEF9B4D83E}.Debug|ARM.Build.0 = Debug|iPhoneSimulator
		{CD987BD0-E1BB-4467-9D10-E8CEF9B4D83E}.Debug|ARM.Deploy.0 = Debug|iPhoneSimulator
		{CD987BD0-E1BB-4467-9D10-E8CEF9B4D83E}.Debug|iPhone.ActiveCfg = Debug|iPhone
		{CD987BD0-E1BB-4467-9D10-E8CEF9B4D83E}.Debug|iPhone.Build.0 = Debug|iPhone
		{CD987BD0-E1BB-4467-9D10-E8CEF9B4D83E}.Debug|iPhone.Deploy.0 = Debug|iPhone
		{CD987BD0-E1BB-4467-9D10-E8CEF9B4D83E}.Debug|iPhoneSimulator.ActiveCfg = Debug|iPhoneSimulator
		{CD987BD0-E1BB-4467-9D10-E8CEF9B4D83E}.Debug|iPhoneSimulator.Build.0 = Debug|iPhoneSimulator
		{CD987BD0-E1BB-4467-9D10-E8CEF9B4D83E}.Debug|iPhoneSimulator.Deploy.0 = Debug|iPhoneSimulator
		{CD987BD0-E1BB-4467-9D10-E8CEF9B4D83E}.Debug|x64.ActiveCfg = Debug|iPhone
		{CD987BD0-E1BB-4467-9D10-E8CEF9B4D83E}.Debug|x64.Build.0 = Debug|iPhone
		{CD987BD0-E1BB-4467-9D10-E8CEF9B4D83E}.Debug|x64.Deploy.0 = Debug|iPhone
		{CD987BD0-E1BB-4467-9D10-E8CEF9B4D83E}.Debug|x86.ActiveCfg = Debug|iPhoneSimulator
		{CD987BD0-E1BB-4467-9D10-E8CEF9B4D83E}.Debug|x86.Build.0 = Debug|iPhoneSimulator
		{CD987BD0-E1BB-4467-9D10-E8CEF9B4D83E}.Debug|x86.Deploy.0 = Debug|iPhoneSimulator
		{CD987BD0-E1BB-4467-9D10-E8CEF9B4D83E}.Release|Any CPU.ActiveCfg = Release|iPhoneSimulator
		{CD987BD0-E1BB-4467-9D10-E8CEF9B4D83E}.Release|Any CPU.Build.0 = Release|iPhoneSimulator
		{CD987BD0-E1BB-4467-9D10-E8CEF9B4D83E}.Release|Any CPU.Deploy.0 = Release|iPhoneSimulator
		{CD987BD0-E1BB-4467-9D10-E8CEF9B4D83E}.Release|ARM.ActiveCfg = Release|iPhoneSimulator
		{CD987BD0-E1BB-4467-9D10-E8CEF9B4D83E}.Release|ARM.Build.0 = Release|iPhoneSimulator
		{CD987BD0-E1BB-4467-9D10-E8CEF9B4D83E}.Release|ARM.Deploy.0 = Release|iPhoneSimulator
		{CD987BD0-E1BB-4467-9D10-E8CEF9B4D83E}.Release|iPhone.ActiveCfg = Release|iPhone
		{CD987BD0-E1BB-4467-9D10-E8CEF9B4D83E}.Release|iPhone.Build.0 = Release|iPhone
		{CD987BD0-E1BB-4467-9D10-E8CEF9B4D83E}.Release|iPhone.Deploy.0 = Release|iPhone
		{CD987BD0-E1BB-4467-9D10-E8CEF9B4D83E}.Release|iPhoneSimulator.ActiveCfg = Release|iPhoneSimulator
		{CD987BD0-E1BB-4467-9D10-E8CEF9B4D83E}.Release|iPhoneSimulator.Build.0 = Release|iPhoneSimulator
		{CD987BD0-E1BB-4467-9D10-E8CEF9B4D83E}.Release|iPhoneSimulator.Deploy.0 = Release|iPhoneSimulator
		{CD987BD0-E1BB-4467-9D10-E8CEF9B4D83E}.Release|x64.ActiveCfg = Release|iPhoneSimulator
		{CD987BD0-E1BB-4467-9D10-E8CEF9B4D83E}.Release|x64.Build.0 = Release|iPhoneSimulator
		{CD987BD0-E1BB-4467-9D10-E8CEF9B4D83E}.Release|x64.Deploy.0 = Release|iPhoneSimulator
		{CD987BD0-E1BB-4467-9D10-E8CEF9B4D83E}.Release|x86.ActiveCfg = Release|iPhoneSimulator
		{CD987BD0-E1BB-4467-9D10-E8CEF9B4D83E}.Release|x86.Build.0 = Release|iPhoneSimulator
		{CD987BD0-E1BB-4467-9D10-E8CEF9B4D83E}.Release|x86.Deploy.0 = Release|iPhoneSimulator
		{501991C1-A8CB-43F1-B0E5-1DAF8C4DA851}.Debug|Any CPU.ActiveCfg = Debug|Any CPU
		{501991C1-A8CB-43F1-B0E5-1DAF8C4DA851}.Debug|Any CPU.Build.0 = Debug|Any CPU
		{501991C1-A8CB-43F1-B0E5-1DAF8C4DA851}.Debug|Any CPU.Deploy.0 = Debug|Any CPU
		{501991C1-A8CB-43F1-B0E5-1DAF8C4DA851}.Debug|ARM.ActiveCfg = Debug|Any CPU
		{501991C1-A8CB-43F1-B0E5-1DAF8C4DA851}.Debug|ARM.Build.0 = Debug|Any CPU
		{501991C1-A8CB-43F1-B0E5-1DAF8C4DA851}.Debug|ARM.Deploy.0 = Debug|Any CPU
		{501991C1-A8CB-43F1-B0E5-1DAF8C4DA851}.Debug|iPhone.ActiveCfg = Debug|Any CPU
		{501991C1-A8CB-43F1-B0E5-1DAF8C4DA851}.Debug|iPhone.Build.0 = Debug|Any CPU
		{501991C1-A8CB-43F1-B0E5-1DAF8C4DA851}.Debug|iPhone.Deploy.0 = Debug|Any CPU
		{501991C1-A8CB-43F1-B0E5-1DAF8C4DA851}.Debug|iPhoneSimulator.ActiveCfg = Debug|Any CPU
		{501991C1-A8CB-43F1-B0E5-1DAF8C4DA851}.Debug|iPhoneSimulator.Build.0 = Debug|Any CPU
		{501991C1-A8CB-43F1-B0E5-1DAF8C4DA851}.Debug|iPhoneSimulator.Deploy.0 = Debug|Any CPU
		{501991C1-A8CB-43F1-B0E5-1DAF8C4DA851}.Debug|x64.ActiveCfg = Debug|Any CPU
		{501991C1-A8CB-43F1-B0E5-1DAF8C4DA851}.Debug|x64.Build.0 = Debug|Any CPU
		{501991C1-A8CB-43F1-B0E5-1DAF8C4DA851}.Debug|x64.Deploy.0 = Debug|Any CPU
		{501991C1-A8CB-43F1-B0E5-1DAF8C4DA851}.Debug|x86.ActiveCfg = Debug|Any CPU
		{501991C1-A8CB-43F1-B0E5-1DAF8C4DA851}.Debug|x86.Build.0 = Debug|Any CPU
		{501991C1-A8CB-43F1-B0E5-1DAF8C4DA851}.Debug|x86.Deploy.0 = Debug|Any CPU
		{501991C1-A8CB-43F1-B0E5-1DAF8C4DA851}.Release|Any CPU.ActiveCfg = Release|Any CPU
		{501991C1-A8CB-43F1-B0E5-1DAF8C4DA851}.Release|Any CPU.Build.0 = Release|Any CPU
		{501991C1-A8CB-43F1-B0E5-1DAF8C4DA851}.Release|Any CPU.Deploy.0 = Release|Any CPU
		{501991C1-A8CB-43F1-B0E5-1DAF8C4DA851}.Release|ARM.ActiveCfg = Release|Any CPU
		{501991C1-A8CB-43F1-B0E5-1DAF8C4DA851}.Release|ARM.Build.0 = Release|Any CPU
		{501991C1-A8CB-43F1-B0E5-1DAF8C4DA851}.Release|ARM.Deploy.0 = Release|Any CPU
		{501991C1-A8CB-43F1-B0E5-1DAF8C4DA851}.Release|iPhone.ActiveCfg = Release|Any CPU
		{501991C1-A8CB-43F1-B0E5-1DAF8C4DA851}.Release|iPhone.Build.0 = Release|Any CPU
		{501991C1-A8CB-43F1-B0E5-1DAF8C4DA851}.Release|iPhone.Deploy.0 = Release|Any CPU
		{501991C1-A8CB-43F1-B0E5-1DAF8C4DA851}.Release|iPhoneSimulator.ActiveCfg = Release|Any CPU
		{501991C1-A8CB-43F1-B0E5-1DAF8C4DA851}.Release|iPhoneSimulator.Build.0 = Release|Any CPU
		{501991C1-A8CB-43F1-B0E5-1DAF8C4DA851}.Release|iPhoneSimulator.Deploy.0 = Release|Any CPU
		{501991C1-A8CB-43F1-B0E5-1DAF8C4DA851}.Release|x64.ActiveCfg = Release|Any CPU
		{501991C1-A8CB-43F1-B0E5-1DAF8C4DA851}.Release|x64.Build.0 = Release|Any CPU
		{501991C1-A8CB-43F1-B0E5-1DAF8C4DA851}.Release|x64.Deploy.0 = Release|Any CPU
		{501991C1-A8CB-43F1-B0E5-1DAF8C4DA851}.Release|x86.ActiveCfg = Release|Any CPU
		{501991C1-A8CB-43F1-B0E5-1DAF8C4DA851}.Release|x86.Build.0 = Release|Any CPU
		{501991C1-A8CB-43F1-B0E5-1DAF8C4DA851}.Release|x86.Deploy.0 = Release|Any CPU
		{3F0C5C3A-A756-4EEC-8C00-16A37536BA41}.Debug|Any CPU.ActiveCfg = Debug|Any CPU
		{3F0C5C3A-A756-4EEC-8C00-16A37536BA41}.Debug|Any CPU.Build.0 = Debug|Any CPU
		{3F0C5C3A-A756-4EEC-8C00-16A37536BA41}.Debug|Any CPU.Deploy.0 = Debug|Any CPU
		{3F0C5C3A-A756-4EEC-8C00-16A37536BA41}.Debug|ARM.ActiveCfg = Debug|Any CPU
		{3F0C5C3A-A756-4EEC-8C00-16A37536BA41}.Debug|ARM.Build.0 = Debug|Any CPU
		{3F0C5C3A-A756-4EEC-8C00-16A37536BA41}.Debug|ARM.Deploy.0 = Debug|Any CPU
		{3F0C5C3A-A756-4EEC-8C00-16A37536BA41}.Debug|iPhone.ActiveCfg = Debug|Any CPU
		{3F0C5C3A-A756-4EEC-8C00-16A37536BA41}.Debug|iPhone.Build.0 = Debug|Any CPU
		{3F0C5C3A-A756-4EEC-8C00-16A37536BA41}.Debug|iPhone.Deploy.0 = Debug|Any CPU
		{3F0C5C3A-A756-4EEC-8C00-16A37536BA41}.Debug|iPhoneSimulator.ActiveCfg = Debug|Any CPU
		{3F0C5C3A-A756-4EEC-8C00-16A37536BA41}.Debug|iPhoneSimulator.Build.0 = Debug|Any CPU
		{3F0C5C3A-A756-4EEC-8C00-16A37536BA41}.Debug|iPhoneSimulator.Deploy.0 = Debug|Any CPU
		{3F0C5C3A-A756-4EEC-8C00-16A37536BA41}.Debug|x64.ActiveCfg = Debug|Any CPU
		{3F0C5C3A-A756-4EEC-8C00-16A37536BA41}.Debug|x64.Build.0 = Debug|Any CPU
		{3F0C5C3A-A756-4EEC-8C00-16A37536BA41}.Debug|x64.Deploy.0 = Debug|Any CPU
		{3F0C5C3A-A756-4EEC-8C00-16A37536BA41}.Debug|x86.ActiveCfg = Debug|Any CPU
		{3F0C5C3A-A756-4EEC-8C00-16A37536BA41}.Debug|x86.Build.0 = Debug|Any CPU
		{3F0C5C3A-A756-4EEC-8C00-16A37536BA41}.Debug|x86.Deploy.0 = Debug|Any CPU
		{3F0C5C3A-A756-4EEC-8C00-16A37536BA41}.Release|Any CPU.ActiveCfg = Release|Any CPU
		{3F0C5C3A-A756-4EEC-8C00-16A37536BA41}.Release|Any CPU.Build.0 = Release|Any CPU
		{3F0C5C3A-A756-4EEC-8C00-16A37536BA41}.Release|Any CPU.Deploy.0 = Release|Any CPU
		{3F0C5C3A-A756-4EEC-8C00-16A37536BA41}.Release|ARM.ActiveCfg = Release|Any CPU
		{3F0C5C3A-A756-4EEC-8C00-16A37536BA41}.Release|ARM.Build.0 = Release|Any CPU
		{3F0C5C3A-A756-4EEC-8C00-16A37536BA41}.Release|ARM.Deploy.0 = Release|Any CPU
		{3F0C5C3A-A756-4EEC-8C00-16A37536BA41}.Release|iPhone.ActiveCfg = Release|Any CPU
		{3F0C5C3A-A756-4EEC-8C00-16A37536BA41}.Release|iPhone.Build.0 = Release|Any CPU
		{3F0C5C3A-A756-4EEC-8C00-16A37536BA41}.Release|iPhone.Deploy.0 = Release|Any CPU
		{3F0C5C3A-A756-4EEC-8C00-16A37536BA41}.Release|iPhoneSimulator.ActiveCfg = Release|Any CPU
		{3F0C5C3A-A756-4EEC-8C00-16A37536BA41}.Release|iPhoneSimulator.Build.0 = Release|Any CPU
		{3F0C5C3A-A756-4EEC-8C00-16A37536BA41}.Release|iPhoneSimulator.Deploy.0 = Release|Any CPU
		{3F0C5C3A-A756-4EEC-8C00-16A37536BA41}.Release|x64.ActiveCfg = Release|Any CPU
		{3F0C5C3A-A756-4EEC-8C00-16A37536BA41}.Release|x64.Build.0 = Release|Any CPU
		{3F0C5C3A-A756-4EEC-8C00-16A37536BA41}.Release|x64.Deploy.0 = Release|Any CPU
		{3F0C5C3A-A756-4EEC-8C00-16A37536BA41}.Release|x86.ActiveCfg = Release|Any CPU
		{3F0C5C3A-A756-4EEC-8C00-16A37536BA41}.Release|x86.Build.0 = Release|Any CPU
		{3F0C5C3A-A756-4EEC-8C00-16A37536BA41}.Release|x86.Deploy.0 = Release|Any CPU
		{F035FB71-EE7A-4C07-BC5B-F1DC3862222D}.Debug|Any CPU.ActiveCfg = Debug|Any CPU
		{F035FB71-EE7A-4C07-BC5B-F1DC3862222D}.Debug|Any CPU.Build.0 = Debug|Any CPU
		{F035FB71-EE7A-4C07-BC5B-F1DC3862222D}.Debug|Any CPU.Deploy.0 = Debug|Any CPU
		{F035FB71-EE7A-4C07-BC5B-F1DC3862222D}.Debug|ARM.ActiveCfg = Debug|Any CPU
		{F035FB71-EE7A-4C07-BC5B-F1DC3862222D}.Debug|ARM.Build.0 = Debug|Any CPU
		{F035FB71-EE7A-4C07-BC5B-F1DC3862222D}.Debug|ARM.Deploy.0 = Debug|Any CPU
		{F035FB71-EE7A-4C07-BC5B-F1DC3862222D}.Debug|iPhone.ActiveCfg = Debug|Any CPU
		{F035FB71-EE7A-4C07-BC5B-F1DC3862222D}.Debug|iPhone.Build.0 = Debug|Any CPU
		{F035FB71-EE7A-4C07-BC5B-F1DC3862222D}.Debug|iPhone.Deploy.0 = Debug|Any CPU
		{F035FB71-EE7A-4C07-BC5B-F1DC3862222D}.Debug|iPhoneSimulator.ActiveCfg = Debug|Any CPU
		{F035FB71-EE7A-4C07-BC5B-F1DC3862222D}.Debug|iPhoneSimulator.Build.0 = Debug|Any CPU
		{F035FB71-EE7A-4C07-BC5B-F1DC3862222D}.Debug|iPhoneSimulator.Deploy.0 = Debug|Any CPU
		{F035FB71-EE7A-4C07-BC5B-F1DC3862222D}.Debug|x64.ActiveCfg = Debug|Any CPU
		{F035FB71-EE7A-4C07-BC5B-F1DC3862222D}.Debug|x64.Build.0 = Debug|Any CPU
		{F035FB71-EE7A-4C07-BC5B-F1DC3862222D}.Debug|x64.Deploy.0 = Debug|Any CPU
		{F035FB71-EE7A-4C07-BC5B-F1DC3862222D}.Debug|x86.ActiveCfg = Debug|Any CPU
		{F035FB71-EE7A-4C07-BC5B-F1DC3862222D}.Debug|x86.Build.0 = Debug|Any CPU
		{F035FB71-EE7A-4C07-BC5B-F1DC3862222D}.Debug|x86.Deploy.0 = Debug|Any CPU
		{F035FB71-EE7A-4C07-BC5B-F1DC3862222D}.Release|Any CPU.ActiveCfg = Release|Any CPU
		{F035FB71-EE7A-4C07-BC5B-F1DC3862222D}.Release|Any CPU.Build.0 = Release|Any CPU
		{F035FB71-EE7A-4C07-BC5B-F1DC3862222D}.Release|Any CPU.Deploy.0 = Release|Any CPU
		{F035FB71-EE7A-4C07-BC5B-F1DC3862222D}.Release|ARM.ActiveCfg = Release|Any CPU
		{F035FB71-EE7A-4C07-BC5B-F1DC3862222D}.Release|ARM.Build.0 = Release|Any CPU
		{F035FB71-EE7A-4C07-BC5B-F1DC3862222D}.Release|ARM.Deploy.0 = Release|Any CPU
		{F035FB71-EE7A-4C07-BC5B-F1DC3862222D}.Release|iPhone.ActiveCfg = Release|Any CPU
		{F035FB71-EE7A-4C07-BC5B-F1DC3862222D}.Release|iPhone.Build.0 = Release|Any CPU
		{F035FB71-EE7A-4C07-BC5B-F1DC3862222D}.Release|iPhone.Deploy.0 = Release|Any CPU
		{F035FB71-EE7A-4C07-BC5B-F1DC3862222D}.Release|iPhoneSimulator.ActiveCfg = Release|Any CPU
		{F035FB71-EE7A-4C07-BC5B-F1DC3862222D}.Release|iPhoneSimulator.Build.0 = Release|Any CPU
		{F035FB71-EE7A-4C07-BC5B-F1DC3862222D}.Release|iPhoneSimulator.Deploy.0 = Release|Any CPU
		{F035FB71-EE7A-4C07-BC5B-F1DC3862222D}.Release|x64.ActiveCfg = Release|Any CPU
		{F035FB71-EE7A-4C07-BC5B-F1DC3862222D}.Release|x64.Build.0 = Release|Any CPU
		{F035FB71-EE7A-4C07-BC5B-F1DC3862222D}.Release|x64.Deploy.0 = Release|Any CPU
		{F035FB71-EE7A-4C07-BC5B-F1DC3862222D}.Release|x86.ActiveCfg = Release|Any CPU
		{F035FB71-EE7A-4C07-BC5B-F1DC3862222D}.Release|x86.Build.0 = Release|Any CPU
		{F035FB71-EE7A-4C07-BC5B-F1DC3862222D}.Release|x86.Deploy.0 = Release|Any CPU
	EndGlobalSection
	GlobalSection(SolutionProperties) = preSolution
		HideSolutionNode = FALSE
	EndGlobalSection
	GlobalSection(ExtensibilityGlobals) = postSolution
		SolutionGuid = {57AA75EA-7762-4B6E-B5F9-8EB14FF14E3B}
	EndGlobalSection
EndGlobal
